
Microsoft Visual Studio Solution File, Format Version 12.00
# Visual Studio Version 17
VisualStudioVersion = 17.8.34330.188
MinimumVisualStudioVersion = 10.0.40219.1
Project("{FAE04EC0-301F-11D3-BF4B-00C04F79EFBC}") = "RECROBLR", "RECROBLR\RECROBLR.csproj", "{C205FEF0-5FC6-4214-A3D0-80AA3A503640}"
EndProject
Global
	GlobalSection(SolutionConfigurationPlatforms) = preSolution
		Debug|Any CPU = Debug|Any CPU
		Release|Any CPU = Release|Any CPU
	EndGlobalSection
	GlobalSection(ProjectConfigurationPlatforms) = postSolution
		{C205FEF0-5FC6-4214-A3D0-80AA3A503640}.Debug|Any CPU.ActiveCfg = Debug|Any CPU
		{C205FEF0-5FC6-4214-A3D0-80AA3A503640}.Debug|Any CPU.Build.0 = Debug|Any CPU
		{C205FEF0-5FC6-4214-A3D0-80AA3A503640}.Release|Any CPU.ActiveCfg = Release|Any CPU
		{C205FEF0-5FC6-4214-A3D0-80AA3A503640}.Release|Any CPU.Build.0 = Release|Any CPU
	EndGlobalSection
	GlobalSection(SolutionProperties) = preSolution
		HideSolutionNode = FALSE
	EndGlobalSection
	GlobalSection(ExtensibilityGlobals) = postSolution
		SolutionGuid = {B43EA508-A649-4DC8-84C7-FAFE5358C121}
	EndGlobalSection
EndGlobal
